
Microsoft Visual Studio Solution File, Format Version 12.00
# Visual Studio 15
VisualStudioVersion = 15.0.27428.2037
MinimumVisualStudioVersion = 10.0.40219.1
Project("{FAE04EC0-301F-11D3-BF4B-00C04F79EFBC}") = "BIO", "BIO.csproj", "{509DCC7E-3FB3-4F22-9994-4E4CAF3D9E29}"
EndProject
Global
	GlobalSection(SolutionConfigurationPlatforms) = preSolution
		Debug|Any CPU = Debug|Any CPU
		Release|Any CPU = Release|Any CPU
	EndGlobalSection
	GlobalSection(ProjectConfigurationPlatforms) = postSolution
		{509DCC7E-3FB3-4F22-9994-4E4CAF3D9E29}.Debug|Any CPU.ActiveCfg = Debug|Any CPU
		{509DCC7E-3FB3-4F22-9994-4E4CAF3D9E29}.Debug|Any CPU.Build.0 = Debug|Any CPU
		{509DCC7E-3FB3-4F22-9994-4E4CAF3D9E29}.Release|Any CPU.ActiveCfg = Release|Any CPU
		{509DCC7E-3FB3-4F22-9994-4E4CAF3D9E29}.Release|Any CPU.Build.0 = Release|Any CPU
	EndGlobalSection
	GlobalSection(SolutionProperties) = preSolution
		HideSolutionNode = FALSE
	EndGlobalSection
	GlobalSection(ExtensibilityGlobals) = postSolution
		SolutionGuid = {BA8B4EE0-A511-4666-AAC0-FD4E5AFFDDD6}
	EndGlobalSection
EndGlobal
